{
  "nodes": {
    "cargo-nix-plugin": {
      "inputs": {
        "nixpkgs": [
          "nixpkgs"
        ]
      },
      "locked": {
        "lastModified": 1790080523,
        "narHash": "sha256-F9BOlx2e+z0+5XoahgW9LQfrH+7xSwrgdW/UQ5j2x5c=",
        "owner": "anthropics",
        "repo": "cargo-nix-plugin",
        "rev": "191bf8e7bd086e96759362817e4fa6c06fa6359b",
        "type": "github"
      },
      "original": {
        "owner": "anthropics",
        "repo": "cargo-nix-plugin",
        "type": "github"
      }
    },
    "nixpkgs": {
      "locked": {
        "lastModified": 1790149054,
        "narHash": "sha256-FfjXg6mAzKQBCY+7V9keGWOXG4DV2Eym/qA987lFl8A=",
        "owner": "NixOS",
        "repo": "nixpkgs",
        "rev": "8825bebf6324e0579d012936eff73379af284b6d",
        "type": "github"
      },
      "original": {
        "owner": "NixOS",
        "ref": "nixpkgs-unstable",
        "repo": "nixpkgs",
        "type": "github"
      }
    },
    "root": {
      "inputs": {
        "cargo-nix-plugin": "cargo-nix-plugin",
        "nixpkgs": "nixpkgs"
      }
    }
  },
  "root": "root",
  "version": 7
}
